
Microsoft Visual Studio Solution File, Format Version 12.00
# Visual Studio Version 17
VisualStudioVersion = 17.8.34511.84
MinimumVisualStudioVersion = 10.0.40219.1
Project("{FAE04EC0-301F-11D3-BF4B-00C04F79EFBC}") = "C42-G01-CS03", "C42-G01-CS03\C42-G01-CS03.csproj", "{F8D582AB-EC23-42EA-9676-715F9DBC285C}"
EndProject
Global
	GlobalSection(SolutionConfigurationPlatforms) = preSolution
		Debug|Any CPU = Debug|Any CPU
		Release|Any CPU = Release|Any CPU
	EndGlobalSection
	GlobalSection(ProjectConfigurationPlatforms) = postSolution
		{F8D582AB-EC23-42EA-9676-715F9DBC285C}.Debug|Any CPU.ActiveCfg = Debug|Any CPU
		{F8D582AB-EC23-42EA-9676-715F9DBC285C}.Debug|Any CPU.Build.0 = Debug|Any CPU
		{F8D582AB-EC23-42EA-9676-715F9DBC285C}.Release|Any CPU.ActiveCfg = Release|Any CPU
		{F8D582AB-EC23-42EA-9676-715F9DBC285C}.Release|Any CPU.Build.0 = Release|Any CPU
	EndGlobalSection
	GlobalSection(SolutionProperties) = preSolution
		HideSolutionNode = FALSE
	EndGlobalSection
	GlobalSection(ExtensibilityGlobals) = postSolution
		SolutionGuid = {4F080C61-3D2C-42B4-A4CD-435DF99D317D}
	EndGlobalSection
EndGlobal
